
Microsoft Visual Studio Solution File, Format Version 12.00
# Visual Studio Version 17
VisualStudioVersion = 17.8.34330.188
MinimumVisualStudioVersion = 10.0.40219.1
Project("{FAE04EC0-301F-11D3-BF4B-00C04F79EFBC}") = "BlazorGestaoProdutos", "BlazorGestaoProdutos.csproj", "{BEFC8582-5F00-499F-B90A-A10405A3409E}"
EndProject
Global
	GlobalSection(SolutionConfigurationPlatforms) = preSolution
		Debug|Any CPU = Debug|Any CPU
		Release|Any CPU = Release|Any CPU
	EndGlobalSection
	GlobalSection(ProjectConfigurationPlatforms) = postSolution
		{BEFC8582-5F00-499F-B90A-A10405A3409E}.Debug|Any CPU.ActiveCfg = Debug|Any CPU
		{BEFC8582-5F00-499F-B90A-A10405A3409E}.Debug|Any CPU.Build.0 = Debug|Any CPU
		{BEFC8582-5F00-499F-B90A-A10405A3409E}.Release|Any CPU.ActiveCfg = Release|Any CPU
		{BEFC8582-5F00-499F-B90A-A10405A3409E}.Release|Any CPU.Build.0 = Release|Any CPU
	EndGlobalSection
	GlobalSection(SolutionProperties) = preSolution
		HideSolutionNode = FALSE
	EndGlobalSection
	GlobalSection(ExtensibilityGlobals) = postSolution
		SolutionGuid = {A2E1E96C-6C8E-4A81-93B7-7CD6BE5417C7}
	EndGlobalSection
EndGlobal
