
Microsoft Visual Studio Solution File, Format Version 12.00
# Visual Studio Version 17
VisualStudioVersion = 17.8.34330.188
MinimumVisualStudioVersion = 10.0.40219.1
Project("{FAE04EC0-301F-11D3-BF4B-00C04F79EFBC}") = "ApiGestaoProdutos", "ApiGestaoProdutos.csproj", "{66E60A4B-9401-4649-A559-68F4624FBB57}"
EndProject
Global
	GlobalSection(SolutionConfigurationPlatforms) = preSolution
		Debug|Any CPU = Debug|Any CPU
		Release|Any CPU = Release|Any CPU
	EndGlobalSection
	GlobalSection(ProjectConfigurationPlatforms) = postSolution
		{66E60A4B-9401-4649-A559-68F4624FBB57}.Debug|Any CPU.ActiveCfg = Debug|Any CPU
		{66E60A4B-9401-4649-A559-68F4624FBB57}.Debug|Any CPU.Build.0 = Debug|Any CPU
		{66E60A4B-9401-4649-A559-68F4624FBB57}.Release|Any CPU.ActiveCfg = Release|Any CPU
		{66E60A4B-9401-4649-A559-68F4624FBB57}.Release|Any CPU.Build.0 = Release|Any CPU
	EndGlobalSection
	GlobalSection(SolutionProperties) = preSolution
		HideSolutionNode = FALSE
	EndGlobalSection
	GlobalSection(ExtensibilityGlobals) = postSolution
		SolutionGuid = {704F7073-BEAA-42F0-AF5E-8E0097C60E55}
	EndGlobalSection
EndGlobal
